
Microsoft Visual Studio Solution File, Format Version 12.00
# Visual Studio Version 16
VisualStudioVersion = 16.0.29020.237
MinimumVisualStudioVersion = 10.0.40219.1
Project("{FAE04EC0-301F-11D3-BF4B-00C04F79EFBC}") = "MonogoTest", "MonogoTest\MonogoTest.csproj", "{FB523947-6C46-4D3C-ADA6-9B14DEE38FCE}"
EndProject
Global
	GlobalSection(SolutionConfigurationPlatforms) = preSolution
		Debug|Any CPU = Debug|Any CPU
		Release|Any CPU = Release|Any CPU
	EndGlobalSection
	GlobalSection(ProjectConfigurationPlatforms) = postSolution
		{FB523947-6C46-4D3C-ADA6-9B14DEE38FCE}.Debug|Any CPU.ActiveCfg = Debug|Any CPU
		{FB523947-6C46-4D3C-ADA6-9B14DEE38FCE}.Debug|Any CPU.Build.0 = Debug|Any CPU
		{FB523947-6C46-4D3C-ADA6-9B14DEE38FCE}.Release|Any CPU.ActiveCfg = Release|Any CPU
		{FB523947-6C46-4D3C-ADA6-9B14DEE38FCE}.Release|Any CPU.Build.0 = Release|Any CPU
	EndGlobalSection
	GlobalSection(SolutionProperties) = preSolution
		HideSolutionNode = FALSE
	EndGlobalSection
	GlobalSection(ExtensibilityGlobals) = postSolution
		SolutionGuid = {439CBA6D-8050-4756-8907-E749CF27F012}
	EndGlobalSection
EndGlobal
